
Microsoft Visual Studio Solution File, Format Version 12.00
Project("{FAE04EC0-301F-11D3-BF4B-00C04F79EFBC}") = "newman.net", "newman.net\newman.net.csproj", "{4481388F-862B-42D6-AA1F-CB22308A0CA5}"
EndProject
Project("{FAE04EC0-301F-11D3-BF4B-00C04F79EFBC}") = "PostMan.Net.Model", "PostMan.Net.Model\PostMan.Net.Model.csproj", "{BB96E02B-F53C-488C-AEA9-830A0AD45A0E}"
EndProject
Project("{FAE04EC0-301F-11D3-BF4B-00C04F79EFBC}") = "PostMan.Net.Runner", "PostMan.Net.Runner\PostMan.Net.Runner.csproj", "{5F028742-67CA-419B-8609-E159D2F21972}"
EndProject
Project("{FAE04EC0-301F-11D3-BF4B-00C04F79EFBC}") = "JsTester", "JsTester\JsTester.csproj", "{6432D737-863E-4794-B336-050A4A1D9F70}"
EndProject
Global
	GlobalSection(SolutionConfigurationPlatforms) = preSolution
		Debug|Any CPU = Debug|Any CPU
		Release|Any CPU = Release|Any CPU
	EndGlobalSection
	GlobalSection(ProjectConfigurationPlatforms) = postSolution
		{4481388F-862B-42D6-AA1F-CB22308A0CA5}.Debug|Any CPU.ActiveCfg = Debug|Any CPU
		{4481388F-862B-42D6-AA1F-CB22308A0CA5}.Debug|Any CPU.Build.0 = Debug|Any CPU
		{4481388F-862B-42D6-AA1F-CB22308A0CA5}.Release|Any CPU.ActiveCfg = Release|Any CPU
		{4481388F-862B-42D6-AA1F-CB22308A0CA5}.Release|Any CPU.Build.0 = Release|Any CPU
		{BB96E02B-F53C-488C-AEA9-830A0AD45A0E}.Debug|Any CPU.ActiveCfg = Debug|Any CPU
		{BB96E02B-F53C-488C-AEA9-830A0AD45A0E}.Debug|Any CPU.Build.0 = Debug|Any CPU
		{BB96E02B-F53C-488C-AEA9-830A0AD45A0E}.Release|Any CPU.ActiveCfg = Release|Any CPU
		{BB96E02B-F53C-488C-AEA9-830A0AD45A0E}.Release|Any CPU.Build.0 = Release|Any CPU
		{5F028742-67CA-419B-8609-E159D2F21972}.Debug|Any CPU.ActiveCfg = Debug|Any CPU
		{5F028742-67CA-419B-8609-E159D2F21972}.Debug|Any CPU.Build.0 = Debug|Any CPU
		{5F028742-67CA-419B-8609-E159D2F21972}.Release|Any CPU.ActiveCfg = Release|Any CPU
		{5F028742-67CA-419B-8609-E159D2F21972}.Release|Any CPU.Build.0 = Release|Any CPU
		{6432D737-863E-4794-B336-050A4A1D9F70}.Debug|Any CPU.ActiveCfg = Debug|Any CPU
		{6432D737-863E-4794-B336-050A4A1D9F70}.Debug|Any CPU.Build.0 = Debug|Any CPU
		{6432D737-863E-4794-B336-050A4A1D9F70}.Release|Any CPU.ActiveCfg = Release|Any CPU
		{6432D737-863E-4794-B336-050A4A1D9F70}.Release|Any CPU.Build.0 = Release|Any CPU
	EndGlobalSection
EndGlobal
